<Solution>
  <Project Path="Mayya-Peneva-employees.Client/Mayya-Peneva-employees.Client.csproj" />
  <Project Path="Mayya-Peneva-employees.Tests/Mayya-Peneva-employees.Tests.csproj" Id="af683a60-5fb9-4c52-a45e-ee66e510936b" />
  <Project Path="Mayya-Peneva-employees/Mayya-Peneva-employees.csproj" />
</Solution>
